
Microsoft Visual Studio Solution File, Format Version 12.00
# Visual Studio Version 16
VisualStudioVersion = 16.0.30011.22
MinimumVisualStudioVersion = 10.0.40219.1
Project("{FAE04EC0-301F-11D3-BF4B-00C04F79EFBC}") = "WebFrontEnd", "WebFrontEnd\WebFrontEnd.csproj", "{5FD8D97C-598F-49D1-9A8A-664827151F80}"
EndProject
Project("{FAE04EC0-301F-11D3-BF4B-00C04F79EFBC}") = "MyWebApi", "MyWebApi\MyWebApi.csproj", "{69202D34-7FE5-4206-B7E4-722858C0A934}"
EndProject
Project("{E53339B2-1760-4266-BCC7-CA923CBCF16C}") = "docker-compose", "docker-compose.dcproj", "{319FABCE-E5CA-4FF5-8967-2F467EC4F72A}"
EndProject
Global
	GlobalSection(SolutionConfigurationPlatforms) = preSolution
		Debug|Any CPU = Debug|Any CPU
		Release|Any CPU = Release|Any CPU
	EndGlobalSection
	GlobalSection(ProjectConfigurationPlatforms) = postSolution
		{5FD8D97C-598F-49D1-9A8A-664827151F80}.Debug|Any CPU.ActiveCfg = Debug|Any CPU
		{5FD8D97C-598F-49D1-9A8A-664827151F80}.Debug|Any CPU.Build.0 = Debug|Any CPU
		{5FD8D97C-598F-49D1-9A8A-664827151F80}.Release|Any CPU.ActiveCfg = Release|Any CPU
		{5FD8D97C-598F-49D1-9A8A-664827151F80}.Release|Any CPU.Build.0 = Release|Any CPU
		{69202D34-7FE5-4206-B7E4-722858C0A934}.Debug|Any CPU.ActiveCfg = Debug|Any CPU
		{69202D34-7FE5-4206-B7E4-722858C0A934}.Debug|Any CPU.Build.0 = Debug|Any CPU
		{69202D34-7FE5-4206-B7E4-722858C0A934}.Release|Any CPU.ActiveCfg = Release|Any CPU
		{69202D34-7FE5-4206-B7E4-722858C0A934}.Release|Any CPU.Build.0 = Release|Any CPU
		{319FABCE-E5CA-4FF5-8967-2F467EC4F72A}.Debug|Any CPU.ActiveCfg = Debug|Any CPU
		{319FABCE-E5CA-4FF5-8967-2F467EC4F72A}.Debug|Any CPU.Build.0 = Debug|Any CPU
		{319FABCE-E5CA-4FF5-8967-2F467EC4F72A}.Release|Any CPU.ActiveCfg = Release|Any CPU
		{319FABCE-E5CA-4FF5-8967-2F467EC4F72A}.Release|Any CPU.Build.0 = Release|Any CPU
	EndGlobalSection
	GlobalSection(SolutionProperties) = preSolution
		HideSolutionNode = FALSE
	EndGlobalSection
	GlobalSection(ExtensibilityGlobals) = postSolution
		SolutionGuid = {7F6E2793-EE47-4C0E-A3E9-D25D4D1742E8}
	EndGlobalSection
EndGlobal
